{
  "name": "chrome-extension",
  "lockfileVersion": 3,
  "requires": true,
  "packages": {
    "": {
      "dependencies": {
        "@mozilla/readability": "^0.4.4"
      }
    },
    "node_modules/@mozilla/readability": {
      "version": "0.4.4",
      "resolved": "https://registry.npmjs.org/@mozilla/readability/-/readability-0.4.4.tgz",
      "integrity": "sha512-MCgZyANpJ6msfvVMi6+A0UAsvZj//4OHREYUB9f2087uXHVoU+H+SWhuihvb1beKpM323bReQPRio0WNk2+V6g==",
      "engines": {
        "node": ">=14.0.0"
      }
    }
  }
}
